
Microsoft Visual Studio Solution File, Format Version 12.00
# Visual Studio 14
VisualStudioVersion = 14.0.25123.0
MinimumVisualStudioVersion = 10.0.40219.1
Project("{E24C65DC-7377-472B-9ABA-BC803B73C61A}") = "WebSite2", "..\..\WebSites\WebSite2\", "{65C9F509-7CC7-4738-83A5-294F6776FF49}"
	ProjectSection(WebsiteProperties) = preProject
		TargetFrameworkMoniker = ".NETFramework,Version%3Dv4.6.1"
		Debug.AspNetCompiler.VirtualPath = "/localhost_57101"
		Debug.AspNetCompiler.PhysicalPath = "..\..\WebSites\WebSite2\"
		Debug.AspNetCompiler.TargetPath = "PrecompiledWeb\localhost_57101\"
		Debug.AspNetCompiler.Updateable = "true"
		Debug.AspNetCompiler.ForceOverwrite = "true"
		Debug.AspNetCompiler.FixedNames = "false"
		Debug.AspNetCompiler.Debug = "True"
		Release.AspNetCompiler.VirtualPath = "/localhost_57101"
		Release.AspNetCompiler.PhysicalPath = "..\..\WebSites\WebSite2\"
		Release.AspNetCompiler.TargetPath = "PrecompiledWeb\localhost_57101\"
		Release.AspNetCompiler.Updateable = "true"
		Release.AspNetCompiler.ForceOverwrite = "true"
		Release.AspNetCompiler.FixedNames = "false"
		Release.AspNetCompiler.Debug = "False"
		VWDPort = "57101"
		SlnRelativePath = "..\..\WebSites\WebSite2\"
		DefaultWebSiteLanguage = "Visual C#"
	EndProjectSection
EndProject
Project("{FAE04EC0-301F-11D3-BF4B-00C04F79EFBC}") = "TESTTHANHTOAN", "TESTTHANHTOAN\TESTTHANHTOAN.csproj", "{FBFB2D4B-F083-43C7-8AD3-2FDFA389D2DC}"
	ProjectSection(ProjectDependencies) = postProject
		{65C9F509-7CC7-4738-83A5-294F6776FF49} = {65C9F509-7CC7-4738-83A5-294F6776FF49}
	EndProjectSection
EndProject
Project("{FAE04EC0-301F-11D3-BF4B-00C04F79EFBC}") = "WebApplication1", "WebApplication1\WebApplication1.csproj", "{697B897F-159D-4A1A-8308-A484CC8FFB9B}"
EndProject
Global
	GlobalSection(SolutionConfigurationPlatforms) = preSolution
		Debug|Any CPU = Debug|Any CPU
		Release|Any CPU = Release|Any CPU
	EndGlobalSection
	GlobalSection(ProjectConfigurationPlatforms) = postSolution
		{65C9F509-7CC7-4738-83A5-294F6776FF49}.Debug|Any CPU.ActiveCfg = Debug|Any CPU
		{65C9F509-7CC7-4738-83A5-294F6776FF49}.Debug|Any CPU.Build.0 = Debug|Any CPU
		{65C9F509-7CC7-4738-83A5-294F6776FF49}.Release|Any CPU.ActiveCfg = Debug|Any CPU
		{65C9F509-7CC7-4738-83A5-294F6776FF49}.Release|Any CPU.Build.0 = Debug|Any CPU
		{FBFB2D4B-F083-43C7-8AD3-2FDFA389D2DC}.Debug|Any CPU.ActiveCfg = Debug|Any CPU
		{FBFB2D4B-F083-43C7-8AD3-2FDFA389D2DC}.Debug|Any CPU.Build.0 = Debug|Any CPU
		{FBFB2D4B-F083-43C7-8AD3-2FDFA389D2DC}.Release|Any CPU.ActiveCfg = Release|Any CPU
		{FBFB2D4B-F083-43C7-8AD3-2FDFA389D2DC}.Release|Any CPU.Build.0 = Release|Any CPU
		{697B897F-159D-4A1A-8308-A484CC8FFB9B}.Debug|Any CPU.ActiveCfg = Debug|Any CPU
		{697B897F-159D-4A1A-8308-A484CC8FFB9B}.Debug|Any CPU.Build.0 = Debug|Any CPU
		{697B897F-159D-4A1A-8308-A484CC8FFB9B}.Release|Any CPU.ActiveCfg = Release|Any CPU
		{697B897F-159D-4A1A-8308-A484CC8FFB9B}.Release|Any CPU.Build.0 = Release|Any CPU
	EndGlobalSection
	GlobalSection(SolutionProperties) = preSolution
		HideSolutionNode = FALSE
	EndGlobalSection
EndGlobal
